// !$*UTF8*$!
{
	archiveVersion = 1;
	classes = {
	};
	objectVersion = 55;
	objects = {

/* Begin PBXBuildFile section */
		354F69FCCBBF0B7FB07A2649 /* Pods_WineExplore.framework in Frameworks */ = {isa = PBXBuildFile; fileRef = 6B1DD09122D36CA74D283786 /* Pods_WineExplore.framework */; };
		C129BAB5281FA26200151124 /* AppDelegate.swift in Sources */ = {isa = PBXBuildFile; fileRef = C129BAB4281FA26200151124 /* AppDelegate.swift */; };
		C129BAB7281FA26200151124 /* SceneDelegate.swift in Sources */ = {isa = PBXBuildFile; fileRef = C129BAB6281FA26200151124 /* SceneDelegate.swift */; };
		C129BAB9281FA26200151124 /* ViewController.swift in Sources */ = {isa = PBXBuildFile; fileRef = C129BAB8281FA26200151124 /* ViewController.swift */; };
		C129BABC281FA26200151124 /* Main.storyboard in Resources */ = {isa = PBXBuildFile; fileRef = C129BABA281FA26200151124 /* Main.storyboard */; };
		C129BABE281FA26400151124 /* Assets.xcassets in Resources */ = {isa = PBXBuildFile; fileRef = C129BABD281FA26400151124 /* Assets.xcassets */; };
		C129BAC1281FA26400151124 /* LaunchScreen.storyboard in Resources */ = {isa = PBXBuildFile; fileRef = C129BABF281FA26400151124 /* LaunchScreen.storyboard */; };
		C129BACC281FA26400151124 /* WineExploreTests.swift in Sources */ = {isa = PBXBuildFile; fileRef = C129BACB281FA26400151124 /* WineExploreTests.swift */; };
		C129BAD6281FA26400151124 /* WineExploreUITests.swift in Sources */ = {isa = PBXBuildFile; fileRef = C129BAD5281FA26400151124 /* WineExploreUITests.swift */; };
		C129BAD8281FA26400151124 /* WineExploreUITestsLaunchTests.swift in Sources */ = {isa = PBXBuildFile; fileRef = C129BAD7281FA26400151124 /* WineExploreUITestsLaunchTests.swift */; };
		C129BAE7281FA87600151124 /* WineDataCell.swift in Sources */ = {isa = PBXBuildFile; fileRef = C129BAE6281FA87600151124 /* WineDataCell.swift */; };
		C129BAE9281FA90D00151124 /* WineDataModel.swift in Sources */ = {isa = PBXBuildFile; fileRef = C129BAE8281FA90D00151124 /* WineDataModel.swift */; };
		C129BAEB281FB8E100151124 /* GoogleService-Info.plist in Resources */ = {isa = PBXBuildFile; fileRef = C129BAEA281FB8E100151124 /* GoogleService-Info.plist */; };
/* End PBXBuildFile section */

/* Begin PBXContainerItemProxy section */
		C129BAC8281FA26400151124 /* PBXContainerItemProxy */ = {
			isa = PBXContainerItemProxy;
			containerPortal = C129BAA9281FA26200151124 /* Project object */;
			proxyType = 1;
			remoteGlobalIDString = C129BAB0281FA26200151124;
			remoteInfo = WineExplore;
		};
		C129BAD2281FA26400151124 /* PBXContainerItemProxy */ = {
			isa = PBXContainerItemProxy;
			containerPortal = C129BAA9281FA26200151124 /* Project object */;
			proxyType = 1;
			remoteGlobalIDString = C129BAB0281FA26200151124;
			remoteInfo = WineExplore;
		};
/* End PBXContainerItemProxy section */

/* Begin PBXFileReference section */
		2804E18B352BA62B726CF135 /* Pods-WineExplore.release.xcconfig */ = {isa = PBXFileReference; includeInIndex = 1; lastKnownFileType = text.xcconfig; name = "Pods-WineExplore.release.xcconfig"; path = "Target Support Files/Pods-WineExplore/Pods-WineExplore.release.xcconfig"; sourceTree = "<group>"; };
		6B1DD09122D36CA74D283786 /* Pods_WineExplore.framework */ = {isa = PBXFileReference; explicitFileType = wrapper.framework; includeInIndex = 0; path = Pods_WineExplore.framework; sourceTree = BUILT_PRODUCTS_DIR; };
		C129BAB1281FA26200151124 /* WineExplore.app */ = {isa = PBXFileReference; explicitFileType = wrapper.application; includeInIndex = 0; path = WineExplore.app; sourceTree = BUILT_PRODUCTS_DIR; };
		C129BAB4281FA26200151124 /* AppDelegate.swift */ = {isa = PBXFileReference; lastKnownFileType = sourcecode.swift; path = AppDelegate.swift; sourceTree = "<group>"; };
		C129BAB6281FA26200151124 /* SceneDelegate.swift */ = {isa = PBXFileReference; lastKnownFileType = sourcecode.swift; path = SceneDelegate.swift; sourceTree = "<group>"; };
		C129BAB8281FA26200151124 /* ViewController.swift */ = {isa = PBXFileReference; lastKnownFileType = sourcecode.swift; path = ViewController.swift; sourceTree = "<group>"; };
		C129BABB281FA26200151124 /* Base */ = {isa = PBXFileReference; lastKnownFileType = file.storyboard; name = Base; path = Base.lproj/Main.storyboard; sourceTree = "<group>"; };
		C129BABD281FA26400151124 /* Assets.xcassets */ = {isa = PBXFileReference; lastKnownFileType = folder.assetcatalog; path = Assets.xcassets; sourceTree = "<group>"; };
		C129BAC0281FA26400151124 /* Base */ = {isa = PBXFileReference; lastKnownFileType = file.storyboard; name = Base; path = Base.lproj/LaunchScreen.storyboard; sourceTree = "<group>"; };
		C129BAC2281FA26400151124 /* Info.plist */ = {isa = PBXFileReference; lastKnownFileType = text.plist.xml; path = Info.plist; sourceTree = "<group>"; };
		C129BAC7281FA26400151124 /* WineExploreTests.xctest */ = {isa = PBXFileReference; explicitFileType = wrapper.cfbundle; includeInIndex = 0; path = WineExploreTests.xctest; sourceTree = BUILT_PRODUCTS_DIR; };
		C129BACB281FA26400151124 /* WineExploreTests.swift */ = {isa = PBXFileReference; lastKnownFileType = sourcecode.swift; path = WineExploreTests.swift; sourceTree = "<group>"; };
		C129BAD1281FA26400151124 /* WineExploreUITests.xctest */ = {isa = PBXFileReference; explicitFileType = wrapper.cfbundle; includeInIndex = 0; path = WineExploreUITests.xctest; sourceTree = BUILT_PRODUCTS_DIR; };
		C129BAD5281FA26400151124 /* WineExploreUITests.swift */ = {isa = PBXFileReference; lastKnownFileType = sourcecode.swift; path = WineExploreUITests.swift; sourceTree = "<group>"; };
		C129BAD7281FA26400151124 /* WineExploreUITestsLaunchTests.swift */ = {isa = PBXFileReference; lastKnownFileType = sourcecode.swift; path = WineExploreUITestsLaunchTests.swift; sourceTree = "<group>"; };
		C129BAE6281FA87600151124 /* WineDataCell.swift */ = {isa = PBXFileReference; lastKnownFileType = sourcecode.swift; path = WineDataCell.swift; sourceTree = "<group>"; };
		C129BAE8281FA90D00151124 /* WineDataModel.swift */ = {isa = PBXFileReference; lastKnownFileType = sourcecode.swift; path = WineDataModel.swift; sourceTree = "<group>"; };
		C129BAEA281FB8E100151124 /* GoogleService-Info.plist */ = {isa = PBXFileReference; fileEncoding = 4; lastKnownFileType = text.plist.xml; path = "GoogleService-Info.plist"; sourceTree = "<group>"; };
		D9DC010C573A3AF87F28D177 /* Pods-WineExplore.debug.xcconfig */ = {isa = PBXFileReference; includeInIndex = 1; lastKnownFileType = text.xcconfig; name = "Pods-WineExplore.debug.xcconfig"; path = "Target Support Files/Pods-WineExplore/Pods-WineExplore.debug.xcconfig"; sourceTree = "<group>"; };
/* End PBXFileReference section */

/* Begin PBXFrameworksBuildPhase section */
		C129BAAE281FA26200151124 /* Frameworks */ = {
			isa = PBXFrameworksBuildPhase;
			buildActionMask = 2147483647;
			files = (
				354F69FCCBBF0B7FB07A2649 /* Pods_WineExplore.framework in Frameworks */,
			);
			runOnlyForDeploymentPostprocessing = 0;
		};
		C129BAC4281FA26400151124 /* Frameworks */ = {
			isa = PBXFrameworksBuildPhase;
			buildActionMask = 2147483647;
			files = (
			);
			runOnlyForDeploymentPostprocessing = 0;
		};
		C129BACE281FA26400151124 /* Frameworks */ = {
			isa = PBXFrameworksBuildPhase;
			buildActionMask = 2147483647;
			files = (
			);
			runOnlyForDeploymentPostprocessing = 0;
		};
/* End PBXFrameworksBuildPhase section */

/* Begin PBXGroup section */
		04B56ED21AE1F1D368E3310D /* Pods */ = {
			isa = PBXGroup;
			children = (
				D9DC010C573A3AF87F28D177 /* Pods-WineExplore.debug.xcconfig */,
				2804E18B352BA62B726CF135 /* Pods-WineExplore.release.xcconfig */,
			);
			path = Pods;
			sourceTree = "<group>";
		};
		3E9C82CFB56E47A63D138097 /* Frameworks */ = {
			isa = PBXGroup;
			children = (
				6B1DD09122D36CA74D283786 /* Pods_WineExplore.framework */,
			);
			name = Frameworks;
			sourceTree = "<group>";
		};
		C129BAA8281FA26200151124 = {
			isa = PBXGroup;
			children = (
				C129BAB3281FA26200151124 /* WineExplore */,
				C129BACA281FA26400151124 /* WineExploreTests */,
				C129BAD4281FA26400151124 /* WineExploreUITests */,
				C129BAB2281FA26200151124 /* Products */,
				04B56ED21AE1F1D368E3310D /* Pods */,
				3E9C82CFB56E47A63D138097 /* Frameworks */,
			);
			sourceTree = "<group>";
		};
		C129BAB2281FA26200151124 /* Products */ = {
			isa = PBXGroup;
			children = (
				C129BAB1281FA26200151124 /* WineExplore.app */,
				C129BAC7281FA26400151124 /* WineExploreTests.xctest */,
				C129BAD1281FA26400151124 /* WineExploreUITests.xctest */,
			);
			name = Products;
			sourceTree = "<group>";
		};
		C129BAB3281FA26200151124 /* WineExplore */ = {
			isa = PBXGroup;
			children = (
				C129BAB4281FA26200151124 /* AppDelegate.swift */,
				C129BAB6281FA26200151124 /* SceneDelegate.swift */,
				C129BAB8281FA26200151124 /* ViewController.swift */,
				C129BAE8281FA90D00151124 /* WineDataModel.swift */,
				C129BAE6281FA87600151124 /* WineDataCell.swift */,
				C129BABA281FA26200151124 /* Main.storyboard */,
				C129BABD281FA26400151124 /* Assets.xcassets */,
				C129BABF281FA26400151124 /* LaunchScreen.storyboard */,
				C129BAEA281FB8E100151124 /* GoogleService-Info.plist */,
				C129BAC2281FA26400151124 /* Info.plist */,
			);
			path = WineExplore;
			sourceTree = "<group>";
		};
		C129BACA281FA26400151124 /* WineExploreTests */ = {
			isa = PBXGroup;
			children = (
				C129BACB281FA26400151124 /* WineExploreTests.swift */,
			);
			path = WineExploreTests;
			sourceTree = "<group>";
		};
		C129BAD4281FA26400151124 /* WineExploreUITests */ = {
			isa = PBXGroup;
			children = (
				C129BAD5281FA26400151124 /* WineExploreUITests.swift */,
				C129BAD7281FA26400151124 /* WineExploreUITestsLaunchTests.swift */,
			);
			path = WineExploreUITests;
			sourceTree = "<group>";
		};
/* End PBXGroup section */

/* Begin PBXNativeTarget section */
		C129BAB0281FA26200151124 /* WineExplore */ = {
			isa = PBXNativeTarget;
			buildConfigurationList = C129BADB281FA26400151124 /* Build configuration list for PBXNativeTarget "WineExplore" */;
			buildPhases = (
				14D3A57E24A7869A2F7B00B2 /* [CP] Check Pods Manifest.lock */,
				C129BAAD281FA26200151124 /* Sources */,
				C129BAAE281FA26200151124 /* Frameworks */,
				C129BAAF281FA26200151124 /* Resources */,
				065D8E1BEC24884A84923AD9 /* [CP] Embed Pods Frameworks */,
			);
			buildRules = (
			);
			dependencies = (
			);
			name = WineExplore;
			productName = WineExplore;
			productReference = C129BAB1281FA26200151124 /* WineExplore.app */;
			productType = "com.apple.product-type.application";
		};
		C129BAC6281FA26400151124 /* WineExploreTests */ = {
			isa = PBXNativeTarget;
			buildConfigurationList = C129BADE281FA26400151124 /* Build configuration list for PBXNativeTarget "WineExploreTests" */;
			buildPhases = (
				C129BAC3281FA26400151124 /* Sources */,
				C129BAC4281FA26400151124 /* Frameworks */,
				C129BAC5281FA26400151124 /* Resources */,
			);
			buildRules = (
			);
			dependencies = (
				C129BAC9281FA26400151124 /* PBXTargetDependency */,
			);
			name = WineExploreTests;
			productName = WineExploreTests;
			productReference = C129BAC7281FA26400151124 /* WineExploreTests.xctest */;
			productType = "com.apple.product-type.bundle.unit-test";
		};
		C129BAD0281FA26400151124 /* WineExploreUITests */ = {
			isa = PBXNativeTarget;
			buildConfigurationList = C129BAE1281FA26400151124 /* Build configuration list for PBXNativeTarget "WineExploreUITests" */;
			buildPhases = (
				C129BACD281FA26400151124 /* Sources */,
				C129BACE281FA26400151124 /* Frameworks */,
				C129BACF281FA26400151124 /* Resources */,
			);
			buildRules = (
			);
			dependencies = (
				C129BAD3281FA26400151124 /* PBXTargetDependency */,
			);
			name = WineExploreUITests;
			productName = WineExploreUITests;
			productReference = C129BAD1281FA26400151124 /* WineExploreUITests.xctest */;
			productType = "com.apple.product-type.bundle.ui-testing";
		};
/* End PBXNativeTarget section */

/* Begin PBXProject section */
		C129BAA9281FA26200151124 /* Project object */ = {
			isa = PBXProject;
			attributes = {
				BuildIndependentTargetsInParallel = 1;
				LastSwiftUpdateCheck = 1330;
				LastUpgradeCheck = 1330;
				TargetAttributes = {
					C129BAB0281FA26200151124 = {
						CreatedOnToolsVersion = 13.3.1;
					};
					C129BAC6281FA26400151124 = {
						CreatedOnToolsVersion = 13.3.1;
						TestTargetID = C129BAB0281FA26200151124;
					};
					C129BAD0281FA26400151124 = {
						CreatedOnToolsVersion = 13.3.1;
						TestTargetID = C129BAB0281FA26200151124;
					};
				};
			};
			buildConfigurationList = C129BAAC281FA26200151124 /* Build configuration list for PBXProject "WineExplore" */;
			compatibilityVersion = "Xcode 13.0";
			developmentRegion = en;
			hasScannedForEncodings = 0;
			knownRegions = (
				en,
				Base,
			);
			mainGroup = C129BAA8281FA26200151124;
			productRefGroup = C129BAB2281FA26200151124 /* Products */;
			projectDirPath = "";
			projectRoot = "";
			targets = (
				C129BAB0281FA26200151124 /* WineExplore */,
				C129BAC6281FA26400151124 /* WineExploreTests */,
				C129BAD0281FA26400151124 /* WineExploreUITests */,
			);
		};
/* End PBXProject section */

/* Begin PBXResourcesBuildPhase section */
		C129BAAF281FA26200151124 /* Resources */ = {
			isa = PBXResourcesBuildPhase;
			buildActionMask = 2147483647;
			files = (
				C129BAC1281FA26400151124 /* LaunchScreen.storyboard in Resources */,
				C129BAEB281FB8E100151124 /* GoogleService-Info.plist in Resources */,
				C129BABE281FA26400151124 /* Assets.xcassets in Resources */,
				C129BABC281FA26200151124 /* Main.storyboard in Resources */,
			);
			runOnlyForDeploymentPostprocessing = 0;
		};
		C129BAC5281FA26400151124 /* Resources */ = {
			isa = PBXResourcesBuildPhase;
			buildActionMask = 2147483647;
			files = (
			);
			runOnlyForDeploymentPostprocessing = 0;
		};
		C129BACF281FA26400151124 /* Resources */ = {
			isa = PBXResourcesBuildPhase;
			buildActionMask = 2147483647;
			files = (
			);
			runOnlyForDeploymentPostprocessing = 0;
		};
/* End PBXResourcesBuildPhase section */

/* Begin PBXShellScriptBuildPhase section */
		065D8E1BEC24884A84923AD9 /* [CP] Embed Pods Frameworks */ = {
			isa = PBXShellScriptBuildPhase;
			buildActionMask = 2147483647;
			files = (
			);
			inputFileListPaths = (
				"${PODS_ROOT}/Target Support Files/Pods-WineExplore/Pods-WineExplore-frameworks-${CONFIGURATION}-input-files.xcfilelist",
			);
			name = "[CP] Embed Pods Frameworks";
			outputFileListPaths = (
				"${PODS_ROOT}/Target Support Files/Pods-WineExplore/Pods-WineExplore-frameworks-${CONFIGURATION}-output-files.xcfilelist",
			);
			runOnlyForDeploymentPostprocessing = 0;
			shellPath = /bin/sh;
			shellScript = "\"${PODS_ROOT}/Target Support Files/Pods-WineExplore/Pods-WineExplore-frameworks.sh\"\n";
			showEnvVarsInLog = 0;
		};
		14D3A57E24A7869A2F7B00B2 /* [CP] Check Pods Manifest.lock */ = {
			isa = PBXShellScriptBuildPhase;
			buildActionMask = 2147483647;
			files = (
			);
			inputFileListPaths = (
			);
			inputPaths = (
				"${PODS_PODFILE_DIR_PATH}/Podfile.lock",
				"${PODS_ROOT}/Manifest.lock",
			);
			name = "[CP] Check Pods Manifest.lock";
			outputFileListPaths = (
			);
			outputPaths = (
				"$(DERIVED_FILE_DIR)/Pods-WineExplore-checkManifestLockResult.txt",
			);
			runOnlyForDeploymentPostprocessing = 0;
			shellPath = /bin/sh;
			shellScript = "diff \"${PODS_PODFILE_DIR_PATH}/Podfile.lock\" \"${PODS_ROOT}/Manifest.lock\" > /dev/null\nif [ $? != 0 ] ; then\n    # print error to STDERR\n    echo \"error: The sandbox is not in sync with the Podfile.lock. Run 'pod install' or update your CocoaPods installation.\" >&2\n    exit 1\nfi\n# This output is used by Xcode 'outputs' to avoid re-running this script phase.\necho \"SUCCESS\" > \"${SCRIPT_OUTPUT_FILE_0}\"\n";
			showEnvVarsInLog = 0;
		};
/* End PBXShellScriptBuildPhase section */

/* Begin PBXSourcesBuildPhase section */
		C129BAAD281FA26200151124 /* Sources */ = {
			isa = PBXSourcesBuildPhase;
			buildActionMask = 2147483647;
			files = (
				C129BAE9281FA90D00151124 /* WineDataModel.swift in Sources */,
				C129BAB9281FA26200151124 /* ViewController.swift in Sources */,
				C129BAB5281FA26200151124 /* AppDelegate.swift in Sources */,
				C129BAE7281FA87600151124 /* WineDataCell.swift in Sources */,
				C129BAB7281FA26200151124 /* SceneDelegate.swift in Sources */,
			);
			runOnlyForDeploymentPostprocessing = 0;
		};
		C129BAC3281FA26400151124 /* Sources */ = {
			isa = PBXSourcesBuildPhase;
			buildActionMask = 2147483647;
			files = (
				C129BACC281FA26400151124 /* WineExploreTests.swift in Sources */,
			);
			runOnlyForDeploymentPostprocessing = 0;
		};
		C129BACD281FA26400151124 /* Sources */ = {
			isa = PBXSourcesBuildPhase;
			buildActionMask = 2147483647;
			files = (
				C129BAD6281FA26400151124 /* WineExploreUITests.swift in Sources */,
				C129BAD8281FA26400151124 /* WineExploreUITestsLaunchTests.swift in Sources */,
			);
			runOnlyForDeploymentPostprocessing = 0;
		};
/* End PBXSourcesBuildPhase section */

/* Begin PBXTargetDependency section */
		C129BAC9281FA26400151124 /* PBXTargetDependency */ = {
			isa = PBXTargetDependency;
			target = C129BAB0281FA26200151124 /* WineExplore */;
			targetProxy = C129BAC8281FA26400151124 /* PBXContainerItemProxy */;
		};
		C129BAD3281FA26400151124 /* PBXTargetDependency */ = {
			isa = PBXTargetDependency;
			target = C129BAB0281FA26200151124 /* WineExplore */;
			targetProxy = C129BAD2281FA26400151124 /* PBXContainerItemProxy */;
		};
/* End PBXTargetDependency section */

/* Begin PBXVariantGroup section */
		C129BABA281FA26200151124 /* Main.storyboard */ = {
			isa = PBXVariantGroup;
			children = (
				C129BABB281FA26200151124 /* Base */,
			);
			name = Main.storyboard;
			sourceTree = "<group>";
		};
		C129BABF281FA26400151124 /* LaunchScreen.storyboard */ = {
			isa = PBXVariantGroup;
			children = (
				C129BAC0281FA26400151124 /* Base */,
			);
			name = LaunchScreen.storyboard;
			sourceTree = "<group>";
		};
/* End PBXVariantGroup section */

/* Begin XCBuildConfiguration section */
		C129BAD9281FA26400151124 /* Debug */ = {
			isa = XCBuildConfiguration;
			buildSettings = {
				ALWAYS_SEARCH_USER_PATHS = NO;
				CLANG_ANALYZER_NONNULL = YES;
				CLANG_ANALYZER_NUMBER_OBJECT_CONVERSION = YES_AGGRESSIVE;
				CLANG_CXX_LANGUAGE_STANDARD = "gnu++17";
				CLANG_ENABLE_MODULES = YES;
				CLANG_ENABLE_OBJC_ARC = YES;
				CLANG_ENABLE_OBJC_WEAK = YES;
				CLANG_WARN_BLOCK_CAPTURE_AUTORELEASING = YES;
				CLANG_WARN_BOOL_CONVERSION = YES;
				CLANG_WARN_COMMA = YES;
				CLANG_WARN_CONSTANT_CONVERSION = YES;
				CLANG_WARN_DEPRECATED_OBJC_IMPLEMENTATIONS = YES;
				CLANG_WARN_DIRECT_OBJC_ISA_USAGE = YES_ERROR;
				CLANG_WARN_DOCUMENTATION_COMMENTS = YES;
				CLANG_WARN_EMPTY_BODY = YES;
				CLANG_WARN_ENUM_CONVERSION = YES;
				CLANG_WARN_INFINITE_RECURSION = YES;
				CLANG_WARN_INT_CONVERSION = YES;
				CLANG_WARN_NON_LITERAL_NULL_CONVERSION = YES;
				CLANG_WARN_OBJC_IMPLICIT_RETAIN_SELF = YES;
				CLANG_WARN_OBJC_LITERAL_CONVERSION = YES;
				CLANG_WARN_OBJC_ROOT_CLASS = YES_ERROR;
				CLANG_WARN_QUOTED_INCLUDE_IN_FRAMEWORK_HEADER = YES;
				CLANG_WARN_RANGE_LOOP_ANALYSIS = YES;
				CLANG_WARN_STRICT_PROTOTYPES = YES;
				CLANG_WARN_SUSPICIOUS_MOVE = YES;
				CLANG_WARN_UNGUARDED_AVAILABILITY = YES_AGGRESSIVE;
				CLANG_WARN_UNREACHABLE_CODE = YES;
				CLANG_WARN__DUPLICATE_METHOD_MATCH = YES;
				COPY_PHASE_STRIP = NO;
				DEBUG_INFORMATION_FORMAT = dwarf;
				ENABLE_STRICT_OBJC_MSGSEND = YES;
				ENABLE_TESTABILITY = YES;
				GCC_C_LANGUAGE_STANDARD = gnu11;
				GCC_DYNAMIC_NO_PIC = NO;
				GCC_NO_COMMON_BLOCKS = YES;
				GCC_OPTIMIZATION_LEVEL = 0;
				GCC_PREPROCESSOR_DEFINITIONS = (
					"DEBUG=1",
					"$(inherited)",
				);
				GCC_WARN_64_TO_32_BIT_CONVERSION = YES;
				GCC_WARN_ABOUT_RETURN_TYPE = YES_ERROR;
				GCC_WARN_UNDECLARED_SELECTOR = YES;
				GCC_WARN_UNINITIALIZED_AUTOS = YES_AGGRESSIVE;
				GCC_WARN_UNUSED_FUNCTION = YES;
				GCC_WARN_UNUSED_VARIABLE = YES;
				IPHONEOS_DEPLOYMENT_TARGET = 15.4;
				MTL_ENABLE_DEBUG_INFO = INCLUDE_SOURCE;
				MTL_FAST_MATH = YES;
				ONLY_ACTIVE_ARCH = YES;
				SDKROOT = iphoneos;
				SWIFT_ACTIVE_COMPILATION_CONDITIONS = DEBUG;
				SWIFT_OPTIMIZATION_LEVEL = "-Onone";
			};
			name = Debug;
		};
		C129BADA281FA26400151124 /* Release */ = {
			isa = XCBuildConfiguration;
			buildSettings = {
				ALWAYS_SEARCH_USER_PATHS = NO;
				CLANG_ANALYZER_NONNULL = YES;
				CLANG_ANALYZER_NUMBER_OBJECT_CONVERSION = YES_AGGRESSIVE;
				CLANG_CXX_LANGUAGE_STANDARD = "gnu++17";
				CLANG_ENABLE_MODULES = YES;
				CLANG_ENABLE_OBJC_ARC = YES;
				CLANG_ENABLE_OBJC_WEAK = YES;
				CLANG_WARN_BLOCK_CAPTURE_AUTORELEASING = YES;
				CLANG_WARN_BOOL_CONVERSION = YES;
				CLANG_WARN_COMMA = YES;
				CLANG_WARN_CONSTANT_CONVERSION = YES;
				CLANG_WARN_DEPRECATED_OBJC_IMPLEMENTATIONS = YES;
				CLANG_WARN_DIRECT_OBJC_ISA_USAGE = YES_ERROR;
				CLANG_WARN_DOCUMENTATION_COMMENTS = YES;
				CLANG_WARN_EMPTY_BODY = YES;
				CLANG_WARN_ENUM_CONVERSION = YES;
				CLANG_WARN_INFINITE_RECURSION = YES;
				CLANG_WARN_INT_CONVERSION = YES;
				CLANG_WARN_NON_LITERAL_NULL_CONVERSION = YES;
				CLANG_WARN_OBJC_IMPLICIT_RETAIN_SELF = YES;
				CLANG_WARN_OBJC_LITERAL_CONVERSION = YES;
				CLANG_WARN_OBJC_ROOT_CLASS = YES_ERROR;
				CLANG_WARN_QUOTED_INCLUDE_IN_FRAMEWORK_HEADER = YES;
				CLANG_WARN_RANGE_LOOP_ANALYSIS = YES;
				CLANG_WARN_STRICT_PROTOTYPES = YES;
				CLANG_WARN_SUSPICIOUS_MOVE = YES;
				CLANG_WARN_UNGUARDED_AVAILABILITY = YES_AGGRESSIVE;
				CLANG_WARN_UNREACHABLE_CODE = YES;
				CLANG_WARN__DUPLICATE_METHOD_MATCH = YES;
				COPY_PHASE_STRIP = NO;
				DEBUG_INFORMATION_FORMAT = "dwarf-with-dsym";
				ENABLE_NS_ASSERTIONS = NO;
				ENABLE_STRICT_OBJC_MSGSEND = YES;
				GCC_C_LANGUAGE_STANDARD = gnu11;
				GCC_NO_COMMON_BLOCKS = YES;
				GCC_WARN_64_TO_32_BIT_CONVERSION = YES;
				GCC_WARN_ABOUT_RETURN_TYPE = YES_ERROR;
				GCC_WARN_UNDECLARED_SELECTOR = YES;
				GCC_WARN_UNINITIALIZED_AUTOS = YES_AGGRESSIVE;
				GCC_WARN_UNUSED_FUNCTION = YES;
				GCC_WARN_UNUSED_VARIABLE = YES;
				IPHONEOS_DEPLOYMENT_TARGET = 15.4;
				MTL_ENABLE_DEBUG_INFO = NO;
				MTL_FAST_MATH = YES;
				SDKROOT = iphoneos;
				SWIFT_COMPILATION_MODE = wholemodule;
				SWIFT_OPTIMIZATION_LEVEL = "-O";
				VALIDATE_PRODUCT = YES;
			};
			name = Release;
		};
		C129BADC281FA26400151124 /* Debug */ = {
			isa = XCBuildConfiguration;
			baseConfigurationReference = D9DC010C573A3AF87F28D177 /* Pods-WineExplore.debug.xcconfig */;
			buildSettings = {
				ASSETCATALOG_COMPILER_APPICON_NAME = AppIcon;
				ASSETCATALOG_COMPILER_GLOBAL_ACCENT_COLOR_NAME = AccentColor;
				CODE_SIGN_STYLE = Automatic;
				CURRENT_PROJECT_VERSION = 1;
				DEVELOPMENT_TEAM = L984CF3257;
				GENERATE_INFOPLIST_FILE = YES;
				INFOPLIST_FILE = WineExplore/Info.plist;
				INFOPLIST_KEY_UIApplicationSupportsIndirectInputEvents = YES;
				INFOPLIST_KEY_UILaunchStoryboardName = LaunchScreen;
				INFOPLIST_KEY_UIMainStoryboardFile = Main;
				INFOPLIST_KEY_UISupportedInterfaceOrientations = UIInterfaceOrientationPortrait;
				INFOPLIST_KEY_UISupportedInterfaceOrientations_iPad = "UIInterfaceOrientationPortrait UIInterfaceOrientationPortraitUpsideDown UIInterfaceOrientationLandscapeLeft UIInterfaceOrientationLandscapeRight";
				INFOPLIST_KEY_UISupportedInterfaceOrientations_iPhone = "UIInterfaceOrientationPortrait UIInterfaceOrientationLandscapeLeft UIInterfaceOrientationLandscapeRight";
				IPHONEOS_DEPLOYMENT_TARGET = 11.0;
				LD_RUNPATH_SEARCH_PATHS = (
					"$(inherited)",
					"@executable_path/Frameworks",
				);
				MARKETING_VERSION = 1.0;
				PRODUCT_BUNDLE_IDENTIFIER = com.thlee.WineExplore.WineExplore;
				PRODUCT_NAME = "$(TARGET_NAME)";
				SWIFT_EMIT_LOC_STRINGS = YES;
				SWIFT_VERSION = 5.0;
				TARGETED_DEVICE_FAMILY = 1;
			};
			name = Debug;
		};
		C129BADD281FA26400151124 /* Release */ = {
			isa = XCBuildConfiguration;
			baseConfigurationReference = 2804E18B352BA62B726CF135 /* Pods-WineExplore.release.xcconfig */;
			buildSettings = {
				ASSETCATALOG_COMPILER_APPICON_NAME = AppIcon;
				ASSETCATALOG_COMPILER_GLOBAL_ACCENT_COLOR_NAME = AccentColor;
				CODE_SIGN_STYLE = Automatic;
				CURRENT_PROJECT_VERSION = 1;
				DEVELOPMENT_TEAM = L984CF3257;
				GENERATE_INFOPLIST_FILE = YES;
				INFOPLIST_FILE = WineExplore/Info.plist;
				INFOPLIST_KEY_UIApplicationSupportsIndirectInputEvents = YES;
				INFOPLIST_KEY_UILaunchStoryboardName = LaunchScreen;
				INFOPLIST_KEY_UIMainStoryboardFile = Main;
				INFOPLIST_KEY_UISupportedInterfaceOrientations = UIInterfaceOrientationPortrait;
				INFOPLIST_KEY_UISupportedInterfaceOrientations_iPad = "UIInterfaceOrientationPortrait UIInterfaceOrientationPortraitUpsideDown UIInterfaceOrientationLandscapeLeft UIInterfaceOrientationLandscapeRight";
				INFOPLIST_KEY_UISupportedInterfaceOrientations_iPhone = "UIInterfaceOrientationPortrait UIInterfaceOrientationLandscapeLeft UIInterfaceOrientationLandscapeRight";
				IPHONEOS_DEPLOYMENT_TARGET = 11.0;
				LD_RUNPATH_SEARCH_PATHS = (
					"$(inherited)",
					"@executable_path/Frameworks",
				);
				MARKETING_VERSION = 1.0;
				PRODUCT_BUNDLE_IDENTIFIER = com.thlee.WineExplore.WineExplore;
				PRODUCT_NAME = "$(TARGET_NAME)";
				SWIFT_EMIT_LOC_STRINGS = YES;
				SWIFT_VERSION = 5.0;
				TARGETED_DEVICE_FAMILY = 1;
			};
			name = Release;
		};
		C129BADF281FA26400151124 /* Debug */ = {
			isa = XCBuildConfiguration;
			buildSettings = {
				ALWAYS_EMBED_SWIFT_STANDARD_LIBRARIES = YES;
				BUNDLE_LOADER = "$(TEST_HOST)";
				CODE_SIGN_STYLE = Automatic;
				CURRENT_PROJECT_VERSION = 1;
				GENERATE_INFOPLIST_FILE = YES;
				IPHONEOS_DEPLOYMENT_TARGET = 15.4;
				MARKETING_VERSION = 1.0;
				PRODUCT_BUNDLE_IDENTIFIER = com.thlee.WineExplore.WineExploreTests;
				PRODUCT_NAME = "$(TARGET_NAME)";
				SWIFT_EMIT_LOC_STRINGS = NO;
				SWIFT_VERSION = 5.0;
				TARGETED_DEVICE_FAMILY = "1,2";
				TEST_HOST = "$(BUILT_PRODUCTS_DIR)/WineExplore.app/WineExplore";
			};
			name = Debug;
		};
		C129BAE0281FA26400151124 /* Release */ = {
			isa = XCBuildConfiguration;
			buildSettings = {
				ALWAYS_EMBED_SWIFT_STANDARD_LIBRARIES = YES;
				BUNDLE_LOADER = "$(TEST_HOST)";
				CODE_SIGN_STYLE = Automatic;
				CURRENT_PROJECT_VERSION = 1;
				GENERATE_INFOPLIST_FILE = YES;
				IPHONEOS_DEPLOYMENT_TARGET = 15.4;
				MARKETING_VERSION = 1.0;
				PRODUCT_BUNDLE_IDENTIFIER = com.thlee.WineExplore.WineExploreTests;
				PRODUCT_NAME = "$(TARGET_NAME)";
				SWIFT_EMIT_LOC_STRINGS = NO;
				SWIFT_VERSION = 5.0;
				TARGETED_DEVICE_FAMILY = "1,2";
				TEST_HOST = "$(BUILT_PRODUCTS_DIR)/WineExplore.app/WineExplore";
			};
			name = Release;
		};
		C129BAE2281FA26400151124 /* Debug */ = {
			isa = XCBuildConfiguration;
			buildSettings = {
				ALWAYS_EMBED_SWIFT_STANDARD_LIBRARIES = YES;
				CODE_SIGN_STYLE = Automatic;
				CURRENT_PROJECT_VERSION = 1;
				GENERATE_INFOPLIST_FILE = YES;
				MARKETING_VERSION = 1.0;
				PRODUCT_BUNDLE_IDENTIFIER = com.thlee.WineExplore.WineExploreUITests;
				PRODUCT_NAME = "$(TARGET_NAME)";
				SWIFT_EMIT_LOC_STRINGS = NO;
				SWIFT_VERSION = 5.0;
				TARGETED_DEVICE_FAMILY = "1,2";
				TEST_TARGET_NAME = WineExplore;
			};
			name = Debug;
		};
		C129BAE3281FA26400151124 /* Release */ = {
			isa = XCBuildConfiguration;
			buildSettings = {
				ALWAYS_EMBED_SWIFT_STANDARD_LIBRARIES = YES;
				CODE_SIGN_STYLE = Automatic;
				CURRENT_PROJECT_VERSION = 1;
				GENERATE_INFOPLIST_FILE = YES;
				MARKETING_VERSION = 1.0;
				PRODUCT_BUNDLE_IDENTIFIER = com.thlee.WineExplore.WineExploreUITests;
				PRODUCT_NAME = "$(TARGET_NAME)";
				SWIFT_EMIT_LOC_STRINGS = NO;
				SWIFT_VERSION = 5.0;
				TARGETED_DEVICE_FAMILY = "1,2";
				TEST_TARGET_NAME = WineExplore;
			};
			name = Release;
		};
/* End XCBuildConfiguration section */

/* Begin XCConfigurationList section */
		C129BAAC281FA26200151124 /* Build configuration list for PBXProject "WineExplore" */ = {
			isa = XCConfigurationList;
			buildConfigurations = (
				C129BAD9281FA26400151124 /* Debug */,
				C129BADA281FA26400151124 /* Release */,
			);
			defaultConfigurationIsVisible = 0;
			defaultConfigurationName = Release;
		};
		C129BADB281FA26400151124 /* Build configuration list for PBXNativeTarget "WineExplore" */ = {
			isa = XCConfigurationList;
			buildConfigurations = (
				C129BADC281FA26400151124 /* Debug */,
				C129BADD281FA26400151124 /* Release */,
			);
			defaultConfigurationIsVisible = 0;
			defaultConfigurationName = Release;
		};
		C129BADE281FA26400151124 /* Build configuration list for PBXNativeTarget "WineExploreTests" */ = {
			isa = XCConfigurationList;
			buildConfigurations = (
				C129BADF281FA26400151124 /* Debug */,
				C129BAE0281FA26400151124 /* Release */,
			);
			defaultConfigurationIsVisible = 0;
			defaultConfigurationName = Release;
		};
		C129BAE1281FA26400151124 /* Build configuration list for PBXNativeTarget "WineExploreUITests" */ = {
			isa = XCConfigurationList;
			buildConfigurations = (
				C129BAE2281FA26400151124 /* Debug */,
				C129BAE3281FA26400151124 /* Release */,
			);
			defaultConfigurationIsVisible = 0;
			defaultConfigurationName = Release;
		};
/* End XCConfigurationList section */
	};
	rootObject = C129BAA9281FA26200151124 /* Project object */;
}
