// !$*UTF8*$!
{
	archiveVersion = 1;
	classes = {
	};
	objectVersion = 56;
	objects = {

/* Begin PBXBuildFile section */
		C164686B28D1822D00F8BEAC /* TrackableScrollView.swift in Sources */ = {isa = PBXBuildFile; fileRef = C164686A28D1822D00F8BEAC /* TrackableScrollView.swift */; };
		C164686E28D1D4A100F8BEAC /* UserDefault.swift in Sources */ = {isa = PBXBuildFile; fileRef = C164686D28D1D4A100F8BEAC /* UserDefault.swift */; };
		C164687028D1D51900F8BEAC /* UserManager.swift in Sources */ = {isa = PBXBuildFile; fileRef = C164686F28D1D51900F8BEAC /* UserManager.swift */; };
		C1D470EC28D0630700A9D0A1 /* WineExploreApp.swift in Sources */ = {isa = PBXBuildFile; fileRef = C1D470EB28D0630700A9D0A1 /* WineExploreApp.swift */; };
		C1D470EE28D0630700A9D0A1 /* ContentView.swift in Sources */ = {isa = PBXBuildFile; fileRef = C1D470ED28D0630700A9D0A1 /* ContentView.swift */; };
		C1D470F028D0630800A9D0A1 /* Assets.xcassets in Resources */ = {isa = PBXBuildFile; fileRef = C1D470EF28D0630800A9D0A1 /* Assets.xcassets */; };
		C1D470F328D0630800A9D0A1 /* Preview Assets.xcassets in Resources */ = {isa = PBXBuildFile; fileRef = C1D470F228D0630800A9D0A1 /* Preview Assets.xcassets */; };
		C1D470FD28D0630800A9D0A1 /* WineExploreTests.swift in Sources */ = {isa = PBXBuildFile; fileRef = C1D470FC28D0630800A9D0A1 /* WineExploreTests.swift */; };
		C1D4710728D0630800A9D0A1 /* WineExploreUITests.swift in Sources */ = {isa = PBXBuildFile; fileRef = C1D4710628D0630800A9D0A1 /* WineExploreUITests.swift */; };
		C1D4710928D0630800A9D0A1 /* WineExploreUITestsLaunchTests.swift in Sources */ = {isa = PBXBuildFile; fileRef = C1D4710828D0630800A9D0A1 /* WineExploreUITestsLaunchTests.swift */; };
		C1D4711628D0632D00A9D0A1 /* Global.swift in Sources */ = {isa = PBXBuildFile; fileRef = C1D4711528D0632D00A9D0A1 /* Global.swift */; };
		C1D4711828D0636200A9D0A1 /* GoogleService-Info.plist in Resources */ = {isa = PBXBuildFile; fileRef = C1D4711728D0636200A9D0A1 /* GoogleService-Info.plist */; };
		C1D4711A28D0637C00A9D0A1 /* APIService.swift in Sources */ = {isa = PBXBuildFile; fileRef = C1D4711928D0637C00A9D0A1 /* APIService.swift */; };
		C1D4711C28D0638600A9D0A1 /* WineDataModel.swift in Sources */ = {isa = PBXBuildFile; fileRef = C1D4711B28D0638600A9D0A1 /* WineDataModel.swift */; };
		C1D4711E28D063D800A9D0A1 /* SwiftUIPullToRefresh.swift in Sources */ = {isa = PBXBuildFile; fileRef = C1D4711D28D063D800A9D0A1 /* SwiftUIPullToRefresh.swift */; };
		C1D4712728D066B600A9D0A1 /* FirebaseAppCheck in Frameworks */ = {isa = PBXBuildFile; productRef = C1D4712628D066B600A9D0A1 /* FirebaseAppCheck */; };
		C1D4712928D066B600A9D0A1 /* FirebaseAuth in Frameworks */ = {isa = PBXBuildFile; productRef = C1D4712828D066B600A9D0A1 /* FirebaseAuth */; };
		C1D4712B28D066B600A9D0A1 /* FirebaseAuthCombine-Community in Frameworks */ = {isa = PBXBuildFile; productRef = C1D4712A28D066B600A9D0A1 /* FirebaseAuthCombine-Community */; };
		C1D4712D28D066B600A9D0A1 /* FirebaseCrashlytics in Frameworks */ = {isa = PBXBuildFile; productRef = C1D4712C28D066B600A9D0A1 /* FirebaseCrashlytics */; };
		C1D4712F28D066B600A9D0A1 /* FirebaseFirestore in Frameworks */ = {isa = PBXBuildFile; productRef = C1D4712E28D066B600A9D0A1 /* FirebaseFirestore */; };
		C1D4713128D066B600A9D0A1 /* FirebaseFirestoreCombine-Community in Frameworks */ = {isa = PBXBuildFile; productRef = C1D4713028D066B600A9D0A1 /* FirebaseFirestoreCombine-Community */; };
		C1D4713328D066B600A9D0A1 /* FirebaseFirestoreSwift in Frameworks */ = {isa = PBXBuildFile; productRef = C1D4713228D066B600A9D0A1 /* FirebaseFirestoreSwift */; };
		C1D4713528D066B600A9D0A1 /* FirebaseMessaging in Frameworks */ = {isa = PBXBuildFile; productRef = C1D4713428D066B600A9D0A1 /* FirebaseMessaging */; };
		C1D4713728D066B600A9D0A1 /* FirebaseStorage in Frameworks */ = {isa = PBXBuildFile; productRef = C1D4713628D066B600A9D0A1 /* FirebaseStorage */; };
		C1D4713928D066B600A9D0A1 /* FirebaseStorageCombine-Community in Frameworks */ = {isa = PBXBuildFile; productRef = C1D4713828D066B600A9D0A1 /* FirebaseStorageCombine-Community */; };
		C1D4713B28D0682D00A9D0A1 /* ViewModel.swift in Sources */ = {isa = PBXBuildFile; fileRef = C1D4713A28D0682D00A9D0A1 /* ViewModel.swift */; };
		C1D4713D28D071D200A9D0A1 /* OffsettableScrollView.swift in Sources */ = {isa = PBXBuildFile; fileRef = C1D4713C28D071D200A9D0A1 /* OffsettableScrollView.swift */; };
		C1D4713F28D077E000A9D0A1 /* SwiftUIInfiniteList.swift in Sources */ = {isa = PBXBuildFile; fileRef = C1D4713E28D077E000A9D0A1 /* SwiftUIInfiniteList.swift */; };
/* End PBXBuildFile section */

/* Begin PBXContainerItemProxy section */
		C1D470F928D0630800A9D0A1 /* PBXContainerItemProxy */ = {
			isa = PBXContainerItemProxy;
			containerPortal = C1D470E028D0630700A9D0A1 /* Project object */;
			proxyType = 1;
			remoteGlobalIDString = C1D470E728D0630700A9D0A1;
			remoteInfo = WineExplore;
		};
		C1D4710328D0630800A9D0A1 /* PBXContainerItemProxy */ = {
			isa = PBXContainerItemProxy;
			containerPortal = C1D470E028D0630700A9D0A1 /* Project object */;
			proxyType = 1;
			remoteGlobalIDString = C1D470E728D0630700A9D0A1;
			remoteInfo = WineExplore;
		};
/* End PBXContainerItemProxy section */

/* Begin PBXFileReference section */
		C164686A28D1822D00F8BEAC /* TrackableScrollView.swift */ = {isa = PBXFileReference; lastKnownFileType = sourcecode.swift; path = TrackableScrollView.swift; sourceTree = "<group>"; };
		C164686D28D1D4A100F8BEAC /* UserDefault.swift */ = {isa = PBXFileReference; lastKnownFileType = sourcecode.swift; path = UserDefault.swift; sourceTree = "<group>"; };
		C164686F28D1D51900F8BEAC /* UserManager.swift */ = {isa = PBXFileReference; lastKnownFileType = sourcecode.swift; path = UserManager.swift; sourceTree = "<group>"; };
		C1D470E828D0630700A9D0A1 /* WineExplore.app */ = {isa = PBXFileReference; explicitFileType = wrapper.application; includeInIndex = 0; path = WineExplore.app; sourceTree = BUILT_PRODUCTS_DIR; };
		C1D470EB28D0630700A9D0A1 /* WineExploreApp.swift */ = {isa = PBXFileReference; lastKnownFileType = sourcecode.swift; path = WineExploreApp.swift; sourceTree = "<group>"; };
		C1D470ED28D0630700A9D0A1 /* ContentView.swift */ = {isa = PBXFileReference; lastKnownFileType = sourcecode.swift; path = ContentView.swift; sourceTree = "<group>"; };
		C1D470EF28D0630800A9D0A1 /* Assets.xcassets */ = {isa = PBXFileReference; lastKnownFileType = folder.assetcatalog; path = Assets.xcassets; sourceTree = "<group>"; };
		C1D470F228D0630800A9D0A1 /* Preview Assets.xcassets */ = {isa = PBXFileReference; lastKnownFileType = folder.assetcatalog; path = "Preview Assets.xcassets"; sourceTree = "<group>"; };
		C1D470F828D0630800A9D0A1 /* WineExploreTests.xctest */ = {isa = PBXFileReference; explicitFileType = wrapper.cfbundle; includeInIndex = 0; path = WineExploreTests.xctest; sourceTree = BUILT_PRODUCTS_DIR; };
		C1D470FC28D0630800A9D0A1 /* WineExploreTests.swift */ = {isa = PBXFileReference; lastKnownFileType = sourcecode.swift; path = WineExploreTests.swift; sourceTree = "<group>"; };
		C1D4710228D0630800A9D0A1 /* WineExploreUITests.xctest */ = {isa = PBXFileReference; explicitFileType = wrapper.cfbundle; includeInIndex = 0; path = WineExploreUITests.xctest; sourceTree = BUILT_PRODUCTS_DIR; };
		C1D4710628D0630800A9D0A1 /* WineExploreUITests.swift */ = {isa = PBXFileReference; lastKnownFileType = sourcecode.swift; path = WineExploreUITests.swift; sourceTree = "<group>"; };
		C1D4710828D0630800A9D0A1 /* WineExploreUITestsLaunchTests.swift */ = {isa = PBXFileReference; lastKnownFileType = sourcecode.swift; path = WineExploreUITestsLaunchTests.swift; sourceTree = "<group>"; };
		C1D4711528D0632D00A9D0A1 /* Global.swift */ = {isa = PBXFileReference; lastKnownFileType = sourcecode.swift; path = Global.swift; sourceTree = "<group>"; };
		C1D4711728D0636200A9D0A1 /* GoogleService-Info.plist */ = {isa = PBXFileReference; fileEncoding = 4; lastKnownFileType = text.plist.xml; path = "GoogleService-Info.plist"; sourceTree = "<group>"; };
		C1D4711928D0637C00A9D0A1 /* APIService.swift */ = {isa = PBXFileReference; fileEncoding = 4; lastKnownFileType = sourcecode.swift; path = APIService.swift; sourceTree = "<group>"; };
		C1D4711B28D0638600A9D0A1 /* WineDataModel.swift */ = {isa = PBXFileReference; fileEncoding = 4; lastKnownFileType = sourcecode.swift; path = WineDataModel.swift; sourceTree = "<group>"; };
		C1D4711D28D063D800A9D0A1 /* SwiftUIPullToRefresh.swift */ = {isa = PBXFileReference; fileEncoding = 4; lastKnownFileType = sourcecode.swift; path = SwiftUIPullToRefresh.swift; sourceTree = "<group>"; };
		C1D4713A28D0682D00A9D0A1 /* ViewModel.swift */ = {isa = PBXFileReference; fileEncoding = 4; lastKnownFileType = sourcecode.swift; path = ViewModel.swift; sourceTree = "<group>"; };
		C1D4713C28D071D200A9D0A1 /* OffsettableScrollView.swift */ = {isa = PBXFileReference; lastKnownFileType = sourcecode.swift; path = OffsettableScrollView.swift; sourceTree = "<group>"; };
		C1D4713E28D077E000A9D0A1 /* SwiftUIInfiniteList.swift */ = {isa = PBXFileReference; fileEncoding = 4; lastKnownFileType = sourcecode.swift; path = SwiftUIInfiniteList.swift; sourceTree = "<group>"; };
/* End PBXFileReference section */

/* Begin PBXFrameworksBuildPhase section */
		C1D470E528D0630700A9D0A1 /* Frameworks */ = {
			isa = PBXFrameworksBuildPhase;
			buildActionMask = 2147483647;
			files = (
				C1D4713528D066B600A9D0A1 /* FirebaseMessaging in Frameworks */,
				C1D4712728D066B600A9D0A1 /* FirebaseAppCheck in Frameworks */,
				C1D4713928D066B600A9D0A1 /* FirebaseStorageCombine-Community in Frameworks */,
				C1D4713728D066B600A9D0A1 /* FirebaseStorage in Frameworks */,
				C1D4712D28D066B600A9D0A1 /* FirebaseCrashlytics in Frameworks */,
				C1D4712B28D066B600A9D0A1 /* FirebaseAuthCombine-Community in Frameworks */,
				C1D4713328D066B600A9D0A1 /* FirebaseFirestoreSwift in Frameworks */,
				C1D4713128D066B600A9D0A1 /* FirebaseFirestoreCombine-Community in Frameworks */,
				C1D4712F28D066B600A9D0A1 /* FirebaseFirestore in Frameworks */,
				C1D4712928D066B600A9D0A1 /* FirebaseAuth in Frameworks */,
			);
			runOnlyForDeploymentPostprocessing = 0;
		};
		C1D470F528D0630800A9D0A1 /* Frameworks */ = {
			isa = PBXFrameworksBuildPhase;
			buildActionMask = 2147483647;
			files = (
			);
			runOnlyForDeploymentPostprocessing = 0;
		};
		C1D470FF28D0630800A9D0A1 /* Frameworks */ = {
			isa = PBXFrameworksBuildPhase;
			buildActionMask = 2147483647;
			files = (
			);
			runOnlyForDeploymentPostprocessing = 0;
		};
/* End PBXFrameworksBuildPhase section */

/* Begin PBXGroup section */
		C164686C28D1D48500F8BEAC /* Property */ = {
			isa = PBXGroup;
			children = (
				C164686D28D1D4A100F8BEAC /* UserDefault.swift */,
			);
			path = Property;
			sourceTree = "<group>";
		};
		C1D470DF28D0630700A9D0A1 = {
			isa = PBXGroup;
			children = (
				C1D470EA28D0630700A9D0A1 /* WineExplore */,
				C1D470FB28D0630800A9D0A1 /* WineExploreTests */,
				C1D4710528D0630800A9D0A1 /* WineExploreUITests */,
				C1D470E928D0630700A9D0A1 /* Products */,
			);
			sourceTree = "<group>";
		};
		C1D470E928D0630700A9D0A1 /* Products */ = {
			isa = PBXGroup;
			children = (
				C1D470E828D0630700A9D0A1 /* WineExplore.app */,
				C1D470F828D0630800A9D0A1 /* WineExploreTests.xctest */,
				C1D4710228D0630800A9D0A1 /* WineExploreUITests.xctest */,
			);
			name = Products;
			sourceTree = "<group>";
		};
		C1D470EA28D0630700A9D0A1 /* WineExplore */ = {
			isa = PBXGroup;
			children = (
				C164686C28D1D48500F8BEAC /* Property */,
				C1D4712028D0643700A9D0A1 /* Extension */,
				C1D4712128D0643700A9D0A1 /* Model */,
				C1D4712328D0643700A9D0A1 /* View */,
				C1D4712228D0643700A9D0A1 /* ViewModel */,
				C1D4711F28D0642A00A9D0A1 /* Service */,
				C1D4711728D0636200A9D0A1 /* GoogleService-Info.plist */,
				C1D470EB28D0630700A9D0A1 /* WineExploreApp.swift */,
				C1D470ED28D0630700A9D0A1 /* ContentView.swift */,
				C1D4711528D0632D00A9D0A1 /* Global.swift */,
				C1D470EF28D0630800A9D0A1 /* Assets.xcassets */,
				C1D470F128D0630800A9D0A1 /* Preview Content */,
			);
			path = WineExplore;
			sourceTree = "<group>";
		};
		C1D470F128D0630800A9D0A1 /* Preview Content */ = {
			isa = PBXGroup;
			children = (
				C1D470F228D0630800A9D0A1 /* Preview Assets.xcassets */,
			);
			path = "Preview Content";
			sourceTree = "<group>";
		};
		C1D470FB28D0630800A9D0A1 /* WineExploreTests */ = {
			isa = PBXGroup;
			children = (
				C1D470FC28D0630800A9D0A1 /* WineExploreTests.swift */,
			);
			path = WineExploreTests;
			sourceTree = "<group>";
		};
		C1D4710528D0630800A9D0A1 /* WineExploreUITests */ = {
			isa = PBXGroup;
			children = (
				C1D4710628D0630800A9D0A1 /* WineExploreUITests.swift */,
				C1D4710828D0630800A9D0A1 /* WineExploreUITestsLaunchTests.swift */,
			);
			path = WineExploreUITests;
			sourceTree = "<group>";
		};
		C1D4711F28D0642A00A9D0A1 /* Service */ = {
			isa = PBXGroup;
			children = (
				C1D4711928D0637C00A9D0A1 /* APIService.swift */,
			);
			path = Service;
			sourceTree = "<group>";
		};
		C1D4712028D0643700A9D0A1 /* Extension */ = {
			isa = PBXGroup;
			children = (
			);
			path = Extension;
			sourceTree = "<group>";
		};
		C1D4712128D0643700A9D0A1 /* Model */ = {
			isa = PBXGroup;
			children = (
				C1D4711B28D0638600A9D0A1 /* WineDataModel.swift */,
				C164686F28D1D51900F8BEAC /* UserManager.swift */,
			);
			path = Model;
			sourceTree = "<group>";
		};
		C1D4712228D0643700A9D0A1 /* ViewModel */ = {
			isa = PBXGroup;
			children = (
				C1D4713A28D0682D00A9D0A1 /* ViewModel.swift */,
			);
			path = ViewModel;
			sourceTree = "<group>";
		};
		C1D4712328D0643700A9D0A1 /* View */ = {
			isa = PBXGroup;
			children = (
				C1D4711D28D063D800A9D0A1 /* SwiftUIPullToRefresh.swift */,
				C1D4713C28D071D200A9D0A1 /* OffsettableScrollView.swift */,
				C1D4713E28D077E000A9D0A1 /* SwiftUIInfiniteList.swift */,
				C164686A28D1822D00F8BEAC /* TrackableScrollView.swift */,
			);
			path = View;
			sourceTree = "<group>";
		};
/* End PBXGroup section */

/* Begin PBXNativeTarget section */
		C1D470E728D0630700A9D0A1 /* WineExplore */ = {
			isa = PBXNativeTarget;
			buildConfigurationList = C1D4710C28D0630800A9D0A1 /* Build configuration list for PBXNativeTarget "WineExplore" */;
			buildPhases = (
				C1D470E428D0630700A9D0A1 /* Sources */,
				C1D470E528D0630700A9D0A1 /* Frameworks */,
				C1D470E628D0630700A9D0A1 /* Resources */,
			);
			buildRules = (
			);
			dependencies = (
			);
			name = WineExplore;
			packageProductDependencies = (
				C1D4712628D066B600A9D0A1 /* FirebaseAppCheck */,
				C1D4712828D066B600A9D0A1 /* FirebaseAuth */,
				C1D4712A28D066B600A9D0A1 /* FirebaseAuthCombine-Community */,
				C1D4712C28D066B600A9D0A1 /* FirebaseCrashlytics */,
				C1D4712E28D066B600A9D0A1 /* FirebaseFirestore */,
				C1D4713028D066B600A9D0A1 /* FirebaseFirestoreCombine-Community */,
				C1D4713228D066B600A9D0A1 /* FirebaseFirestoreSwift */,
				C1D4713428D066B600A9D0A1 /* FirebaseMessaging */,
				C1D4713628D066B600A9D0A1 /* FirebaseStorage */,
				C1D4713828D066B600A9D0A1 /* FirebaseStorageCombine-Community */,
			);
			productName = WineExplore;
			productReference = C1D470E828D0630700A9D0A1 /* WineExplore.app */;
			productType = "com.apple.product-type.application";
		};
		C1D470F728D0630800A9D0A1 /* WineExploreTests */ = {
			isa = PBXNativeTarget;
			buildConfigurationList = C1D4710F28D0630800A9D0A1 /* Build configuration list for PBXNativeTarget "WineExploreTests" */;
			buildPhases = (
				C1D470F428D0630800A9D0A1 /* Sources */,
				C1D470F528D0630800A9D0A1 /* Frameworks */,
				C1D470F628D0630800A9D0A1 /* Resources */,
			);
			buildRules = (
			);
			dependencies = (
				C1D470FA28D0630800A9D0A1 /* PBXTargetDependency */,
			);
			name = WineExploreTests;
			productName = WineExploreTests;
			productReference = C1D470F828D0630800A9D0A1 /* WineExploreTests.xctest */;
			productType = "com.apple.product-type.bundle.unit-test";
		};
		C1D4710128D0630800A9D0A1 /* WineExploreUITests */ = {
			isa = PBXNativeTarget;
			buildConfigurationList = C1D4711228D0630800A9D0A1 /* Build configuration list for PBXNativeTarget "WineExploreUITests" */;
			buildPhases = (
				C1D470FE28D0630800A9D0A1 /* Sources */,
				C1D470FF28D0630800A9D0A1 /* Frameworks */,
				C1D4710028D0630800A9D0A1 /* Resources */,
			);
			buildRules = (
			);
			dependencies = (
				C1D4710428D0630800A9D0A1 /* PBXTargetDependency */,
			);
			name = WineExploreUITests;
			productName = WineExploreUITests;
			productReference = C1D4710228D0630800A9D0A1 /* WineExploreUITests.xctest */;
			productType = "com.apple.product-type.bundle.ui-testing";
		};
/* End PBXNativeTarget section */

/* Begin PBXProject section */
		C1D470E028D0630700A9D0A1 /* Project object */ = {
			isa = PBXProject;
			attributes = {
				BuildIndependentTargetsInParallel = 1;
				LastSwiftUpdateCheck = 1400;
				LastUpgradeCheck = 1400;
				TargetAttributes = {
					C1D470E728D0630700A9D0A1 = {
						CreatedOnToolsVersion = 14.0;
					};
					C1D470F728D0630800A9D0A1 = {
						CreatedOnToolsVersion = 14.0;
						TestTargetID = C1D470E728D0630700A9D0A1;
					};
					C1D4710128D0630800A9D0A1 = {
						CreatedOnToolsVersion = 14.0;
						TestTargetID = C1D470E728D0630700A9D0A1;
					};
				};
			};
			buildConfigurationList = C1D470E328D0630700A9D0A1 /* Build configuration list for PBXProject "WineExplore" */;
			compatibilityVersion = "Xcode 14.0";
			developmentRegion = en;
			hasScannedForEncodings = 0;
			knownRegions = (
				en,
				Base,
			);
			mainGroup = C1D470DF28D0630700A9D0A1;
			packageReferences = (
				C1D4712528D066B600A9D0A1 /* XCRemoteSwiftPackageReference "firebase-ios-sdk" */,
			);
			productRefGroup = C1D470E928D0630700A9D0A1 /* Products */;
			projectDirPath = "";
			projectRoot = "";
			targets = (
				C1D470E728D0630700A9D0A1 /* WineExplore */,
				C1D470F728D0630800A9D0A1 /* WineExploreTests */,
				C1D4710128D0630800A9D0A1 /* WineExploreUITests */,
			);
		};
/* End PBXProject section */

/* Begin PBXResourcesBuildPhase section */
		C1D470E628D0630700A9D0A1 /* Resources */ = {
			isa = PBXResourcesBuildPhase;
			buildActionMask = 2147483647;
			files = (
				C1D470F328D0630800A9D0A1 /* Preview Assets.xcassets in Resources */,
				C1D470F028D0630800A9D0A1 /* Assets.xcassets in Resources */,
				C1D4711828D0636200A9D0A1 /* GoogleService-Info.plist in Resources */,
			);
			runOnlyForDeploymentPostprocessing = 0;
		};
		C1D470F628D0630800A9D0A1 /* Resources */ = {
			isa = PBXResourcesBuildPhase;
			buildActionMask = 2147483647;
			files = (
			);
			runOnlyForDeploymentPostprocessing = 0;
		};
		C1D4710028D0630800A9D0A1 /* Resources */ = {
			isa = PBXResourcesBuildPhase;
			buildActionMask = 2147483647;
			files = (
			);
			runOnlyForDeploymentPostprocessing = 0;
		};
/* End PBXResourcesBuildPhase section */

/* Begin PBXSourcesBuildPhase section */
		C1D470E428D0630700A9D0A1 /* Sources */ = {
			isa = PBXSourcesBuildPhase;
			buildActionMask = 2147483647;
			files = (
				C1D4711C28D0638600A9D0A1 /* WineDataModel.swift in Sources */,
				C164686B28D1822D00F8BEAC /* TrackableScrollView.swift in Sources */,
				C1D4713F28D077E000A9D0A1 /* SwiftUIInfiniteList.swift in Sources */,
				C164686E28D1D4A100F8BEAC /* UserDefault.swift in Sources */,
				C1D4711E28D063D800A9D0A1 /* SwiftUIPullToRefresh.swift in Sources */,
				C1D470EE28D0630700A9D0A1 /* ContentView.swift in Sources */,
				C164687028D1D51900F8BEAC /* UserManager.swift in Sources */,
				C1D470EC28D0630700A9D0A1 /* WineExploreApp.swift in Sources */,
				C1D4711A28D0637C00A9D0A1 /* APIService.swift in Sources */,
				C1D4711628D0632D00A9D0A1 /* Global.swift in Sources */,
				C1D4713B28D0682D00A9D0A1 /* ViewModel.swift in Sources */,
				C1D4713D28D071D200A9D0A1 /* OffsettableScrollView.swift in Sources */,
			);
			runOnlyForDeploymentPostprocessing = 0;
		};
		C1D470F428D0630800A9D0A1 /* Sources */ = {
			isa = PBXSourcesBuildPhase;
			buildActionMask = 2147483647;
			files = (
				C1D470FD28D0630800A9D0A1 /* WineExploreTests.swift in Sources */,
			);
			runOnlyForDeploymentPostprocessing = 0;
		};
		C1D470FE28D0630800A9D0A1 /* Sources */ = {
			isa = PBXSourcesBuildPhase;
			buildActionMask = 2147483647;
			files = (
				C1D4710728D0630800A9D0A1 /* WineExploreUITests.swift in Sources */,
				C1D4710928D0630800A9D0A1 /* WineExploreUITestsLaunchTests.swift in Sources */,
			);
			runOnlyForDeploymentPostprocessing = 0;
		};
/* End PBXSourcesBuildPhase section */

/* Begin PBXTargetDependency section */
		C1D470FA28D0630800A9D0A1 /* PBXTargetDependency */ = {
			isa = PBXTargetDependency;
			target = C1D470E728D0630700A9D0A1 /* WineExplore */;
			targetProxy = C1D470F928D0630800A9D0A1 /* PBXContainerItemProxy */;
		};
		C1D4710428D0630800A9D0A1 /* PBXTargetDependency */ = {
			isa = PBXTargetDependency;
			target = C1D470E728D0630700A9D0A1 /* WineExplore */;
			targetProxy = C1D4710328D0630800A9D0A1 /* PBXContainerItemProxy */;
		};
/* End PBXTargetDependency section */

/* Begin XCBuildConfiguration section */
		C1D4710A28D0630800A9D0A1 /* Debug */ = {
			isa = XCBuildConfiguration;
			buildSettings = {
				ALWAYS_SEARCH_USER_PATHS = NO;
				CLANG_ANALYZER_NONNULL = YES;
				CLANG_ANALYZER_NUMBER_OBJECT_CONVERSION = YES_AGGRESSIVE;
				CLANG_CXX_LANGUAGE_STANDARD = "gnu++20";
				CLANG_ENABLE_MODULES = YES;
				CLANG_ENABLE_OBJC_ARC = YES;
				CLANG_ENABLE_OBJC_WEAK = YES;
				CLANG_WARN_BLOCK_CAPTURE_AUTORELEASING = YES;
				CLANG_WARN_BOOL_CONVERSION = YES;
				CLANG_WARN_COMMA = YES;
				CLANG_WARN_CONSTANT_CONVERSION = YES;
				CLANG_WARN_DEPRECATED_OBJC_IMPLEMENTATIONS = YES;
				CLANG_WARN_DIRECT_OBJC_ISA_USAGE = YES_ERROR;
				CLANG_WARN_DOCUMENTATION_COMMENTS = YES;
				CLANG_WARN_EMPTY_BODY = YES;
				CLANG_WARN_ENUM_CONVERSION = YES;
				CLANG_WARN_INFINITE_RECURSION = YES;
				CLANG_WARN_INT_CONVERSION = YES;
				CLANG_WARN_NON_LITERAL_NULL_CONVERSION = YES;
				CLANG_WARN_OBJC_IMPLICIT_RETAIN_SELF = YES;
				CLANG_WARN_OBJC_LITERAL_CONVERSION = YES;
				CLANG_WARN_OBJC_ROOT_CLASS = YES_ERROR;
				CLANG_WARN_QUOTED_INCLUDE_IN_FRAMEWORK_HEADER = YES;
				CLANG_WARN_RANGE_LOOP_ANALYSIS = YES;
				CLANG_WARN_STRICT_PROTOTYPES = YES;
				CLANG_WARN_SUSPICIOUS_MOVE = YES;
				CLANG_WARN_UNGUARDED_AVAILABILITY = YES_AGGRESSIVE;
				CLANG_WARN_UNREACHABLE_CODE = YES;
				CLANG_WARN__DUPLICATE_METHOD_MATCH = YES;
				COPY_PHASE_STRIP = NO;
				DEBUG_INFORMATION_FORMAT = dwarf;
				ENABLE_STRICT_OBJC_MSGSEND = YES;
				ENABLE_TESTABILITY = YES;
				GCC_C_LANGUAGE_STANDARD = gnu11;
				GCC_DYNAMIC_NO_PIC = NO;
				GCC_NO_COMMON_BLOCKS = YES;
				GCC_OPTIMIZATION_LEVEL = 0;
				GCC_PREPROCESSOR_DEFINITIONS = (
					"DEBUG=1",
					"$(inherited)",
				);
				GCC_WARN_64_TO_32_BIT_CONVERSION = YES;
				GCC_WARN_ABOUT_RETURN_TYPE = YES_ERROR;
				GCC_WARN_UNDECLARED_SELECTOR = YES;
				GCC_WARN_UNINITIALIZED_AUTOS = YES_AGGRESSIVE;
				GCC_WARN_UNUSED_FUNCTION = YES;
				GCC_WARN_UNUSED_VARIABLE = YES;
				IPHONEOS_DEPLOYMENT_TARGET = 16.0;
				MTL_ENABLE_DEBUG_INFO = INCLUDE_SOURCE;
				MTL_FAST_MATH = YES;
				ONLY_ACTIVE_ARCH = YES;
				SDKROOT = iphoneos;
				SWIFT_ACTIVE_COMPILATION_CONDITIONS = DEBUG;
				SWIFT_OPTIMIZATION_LEVEL = "-Onone";
			};
			name = Debug;
		};
		C1D4710B28D0630800A9D0A1 /* Release */ = {
			isa = XCBuildConfiguration;
			buildSettings = {
				ALWAYS_SEARCH_USER_PATHS = NO;
				CLANG_ANALYZER_NONNULL = YES;
				CLANG_ANALYZER_NUMBER_OBJECT_CONVERSION = YES_AGGRESSIVE;
				CLANG_CXX_LANGUAGE_STANDARD = "gnu++20";
				CLANG_ENABLE_MODULES = YES;
				CLANG_ENABLE_OBJC_ARC = YES;
				CLANG_ENABLE_OBJC_WEAK = YES;
				CLANG_WARN_BLOCK_CAPTURE_AUTORELEASING = YES;
				CLANG_WARN_BOOL_CONVERSION = YES;
				CLANG_WARN_COMMA = YES;
				CLANG_WARN_CONSTANT_CONVERSION = YES;
				CLANG_WARN_DEPRECATED_OBJC_IMPLEMENTATIONS = YES;
				CLANG_WARN_DIRECT_OBJC_ISA_USAGE = YES_ERROR;
				CLANG_WARN_DOCUMENTATION_COMMENTS = YES;
				CLANG_WARN_EMPTY_BODY = YES;
				CLANG_WARN_ENUM_CONVERSION = YES;
				CLANG_WARN_INFINITE_RECURSION = YES;
				CLANG_WARN_INT_CONVERSION = YES;
				CLANG_WARN_NON_LITERAL_NULL_CONVERSION = YES;
				CLANG_WARN_OBJC_IMPLICIT_RETAIN_SELF = YES;
				CLANG_WARN_OBJC_LITERAL_CONVERSION = YES;
				CLANG_WARN_OBJC_ROOT_CLASS = YES_ERROR;
				CLANG_WARN_QUOTED_INCLUDE_IN_FRAMEWORK_HEADER = YES;
				CLANG_WARN_RANGE_LOOP_ANALYSIS = YES;
				CLANG_WARN_STRICT_PROTOTYPES = YES;
				CLANG_WARN_SUSPICIOUS_MOVE = YES;
				CLANG_WARN_UNGUARDED_AVAILABILITY = YES_AGGRESSIVE;
				CLANG_WARN_UNREACHABLE_CODE = YES;
				CLANG_WARN__DUPLICATE_METHOD_MATCH = YES;
				COPY_PHASE_STRIP = NO;
				DEBUG_INFORMATION_FORMAT = "dwarf-with-dsym";
				ENABLE_NS_ASSERTIONS = NO;
				ENABLE_STRICT_OBJC_MSGSEND = YES;
				GCC_C_LANGUAGE_STANDARD = gnu11;
				GCC_NO_COMMON_BLOCKS = YES;
				GCC_WARN_64_TO_32_BIT_CONVERSION = YES;
				GCC_WARN_ABOUT_RETURN_TYPE = YES_ERROR;
				GCC_WARN_UNDECLARED_SELECTOR = YES;
				GCC_WARN_UNINITIALIZED_AUTOS = YES_AGGRESSIVE;
				GCC_WARN_UNUSED_FUNCTION = YES;
				GCC_WARN_UNUSED_VARIABLE = YES;
				IPHONEOS_DEPLOYMENT_TARGET = 16.0;
				MTL_ENABLE_DEBUG_INFO = NO;
				MTL_FAST_MATH = YES;
				SDKROOT = iphoneos;
				SWIFT_COMPILATION_MODE = wholemodule;
				SWIFT_OPTIMIZATION_LEVEL = "-O";
				VALIDATE_PRODUCT = YES;
			};
			name = Release;
		};
		C1D4710D28D0630800A9D0A1 /* Debug */ = {
			isa = XCBuildConfiguration;
			buildSettings = {
				ASSETCATALOG_COMPILER_APPICON_NAME = AppIcon;
				ASSETCATALOG_COMPILER_GLOBAL_ACCENT_COLOR_NAME = AccentColor;
				CODE_SIGN_STYLE = Manual;
				CURRENT_PROJECT_VERSION = 1;
				DEVELOPMENT_ASSET_PATHS = "\"WineExplore/Preview Content\"";
				DEVELOPMENT_TEAM = "";
				ENABLE_PREVIEWS = YES;
				GENERATE_INFOPLIST_FILE = YES;
				INFOPLIST_KEY_UIApplicationSceneManifest_Generation = YES;
				INFOPLIST_KEY_UIApplicationSupportsIndirectInputEvents = YES;
				INFOPLIST_KEY_UILaunchScreen_Generation = YES;
				INFOPLIST_KEY_UISupportedInterfaceOrientations_iPad = "UIInterfaceOrientationPortrait UIInterfaceOrientationPortraitUpsideDown UIInterfaceOrientationLandscapeLeft UIInterfaceOrientationLandscapeRight";
				INFOPLIST_KEY_UISupportedInterfaceOrientations_iPhone = "UIInterfaceOrientationPortrait UIInterfaceOrientationLandscapeLeft UIInterfaceOrientationLandscapeRight";
				LD_RUNPATH_SEARCH_PATHS = (
					"$(inherited)",
					"@executable_path/Frameworks",
				);
				MARKETING_VERSION = 1.0;
				PRODUCT_BUNDLE_IDENTIFIER = com.thlee.WineExplore;
				PRODUCT_NAME = "$(TARGET_NAME)";
				PROVISIONING_PROFILE_SPECIFIER = "";
				SWIFT_EMIT_LOC_STRINGS = YES;
				SWIFT_VERSION = 5.0;
				TARGETED_DEVICE_FAMILY = "1,2";
			};
			name = Debug;
		};
		C1D4710E28D0630800A9D0A1 /* Release */ = {
			isa = XCBuildConfiguration;
			buildSettings = {
				ASSETCATALOG_COMPILER_APPICON_NAME = AppIcon;
				ASSETCATALOG_COMPILER_GLOBAL_ACCENT_COLOR_NAME = AccentColor;
				CODE_SIGN_STYLE = Manual;
				CURRENT_PROJECT_VERSION = 1;
				DEVELOPMENT_ASSET_PATHS = "\"WineExplore/Preview Content\"";
				DEVELOPMENT_TEAM = "";
				ENABLE_PREVIEWS = YES;
				GENERATE_INFOPLIST_FILE = YES;
				INFOPLIST_KEY_UIApplicationSceneManifest_Generation = YES;
				INFOPLIST_KEY_UIApplicationSupportsIndirectInputEvents = YES;
				INFOPLIST_KEY_UILaunchScreen_Generation = YES;
				INFOPLIST_KEY_UISupportedInterfaceOrientations_iPad = "UIInterfaceOrientationPortrait UIInterfaceOrientationPortraitUpsideDown UIInterfaceOrientationLandscapeLeft UIInterfaceOrientationLandscapeRight";
				INFOPLIST_KEY_UISupportedInterfaceOrientations_iPhone = "UIInterfaceOrientationPortrait UIInterfaceOrientationLandscapeLeft UIInterfaceOrientationLandscapeRight";
				LD_RUNPATH_SEARCH_PATHS = (
					"$(inherited)",
					"@executable_path/Frameworks",
				);
				MARKETING_VERSION = 1.0;
				PRODUCT_BUNDLE_IDENTIFIER = com.thlee.WineExplore;
				PRODUCT_NAME = "$(TARGET_NAME)";
				PROVISIONING_PROFILE_SPECIFIER = "";
				SWIFT_EMIT_LOC_STRINGS = YES;
				SWIFT_VERSION = 5.0;
				TARGETED_DEVICE_FAMILY = "1,2";
			};
			name = Release;
		};
		C1D4711028D0630800A9D0A1 /* Debug */ = {
			isa = XCBuildConfiguration;
			buildSettings = {
				ALWAYS_EMBED_SWIFT_STANDARD_LIBRARIES = YES;
				BUNDLE_LOADER = "$(TEST_HOST)";
				CODE_SIGN_STYLE = Automatic;
				CURRENT_PROJECT_VERSION = 1;
				GENERATE_INFOPLIST_FILE = YES;
				IPHONEOS_DEPLOYMENT_TARGET = 16.0;
				MARKETING_VERSION = 1.0;
				PRODUCT_BUNDLE_IDENTIFIER = com.thlee.WineExploreTests;
				PRODUCT_NAME = "$(TARGET_NAME)";
				SWIFT_EMIT_LOC_STRINGS = NO;
				SWIFT_VERSION = 5.0;
				TARGETED_DEVICE_FAMILY = "1,2";
				TEST_HOST = "$(BUILT_PRODUCTS_DIR)/WineExplore.app/$(BUNDLE_EXECUTABLE_FOLDER_PATH)/WineExplore";
			};
			name = Debug;
		};
		C1D4711128D0630800A9D0A1 /* Release */ = {
			isa = XCBuildConfiguration;
			buildSettings = {
				ALWAYS_EMBED_SWIFT_STANDARD_LIBRARIES = YES;
				BUNDLE_LOADER = "$(TEST_HOST)";
				CODE_SIGN_STYLE = Automatic;
				CURRENT_PROJECT_VERSION = 1;
				GENERATE_INFOPLIST_FILE = YES;
				IPHONEOS_DEPLOYMENT_TARGET = 16.0;
				MARKETING_VERSION = 1.0;
				PRODUCT_BUNDLE_IDENTIFIER = com.thlee.WineExploreTests;
				PRODUCT_NAME = "$(TARGET_NAME)";
				SWIFT_EMIT_LOC_STRINGS = NO;
				SWIFT_VERSION = 5.0;
				TARGETED_DEVICE_FAMILY = "1,2";
				TEST_HOST = "$(BUILT_PRODUCTS_DIR)/WineExplore.app/$(BUNDLE_EXECUTABLE_FOLDER_PATH)/WineExplore";
			};
			name = Release;
		};
		C1D4711328D0630800A9D0A1 /* Debug */ = {
			isa = XCBuildConfiguration;
			buildSettings = {
				ALWAYS_EMBED_SWIFT_STANDARD_LIBRARIES = YES;
				CODE_SIGN_STYLE = Automatic;
				CURRENT_PROJECT_VERSION = 1;
				GENERATE_INFOPLIST_FILE = YES;
				MARKETING_VERSION = 1.0;
				PRODUCT_BUNDLE_IDENTIFIER = com.thlee.WineExploreUITests;
				PRODUCT_NAME = "$(TARGET_NAME)";
				SWIFT_EMIT_LOC_STRINGS = NO;
				SWIFT_VERSION = 5.0;
				TARGETED_DEVICE_FAMILY = "1,2";
				TEST_TARGET_NAME = WineExplore;
			};
			name = Debug;
		};
		C1D4711428D0630800A9D0A1 /* Release */ = {
			isa = XCBuildConfiguration;
			buildSettings = {
				ALWAYS_EMBED_SWIFT_STANDARD_LIBRARIES = YES;
				CODE_SIGN_STYLE = Automatic;
				CURRENT_PROJECT_VERSION = 1;
				GENERATE_INFOPLIST_FILE = YES;
				MARKETING_VERSION = 1.0;
				PRODUCT_BUNDLE_IDENTIFIER = com.thlee.WineExploreUITests;
				PRODUCT_NAME = "$(TARGET_NAME)";
				SWIFT_EMIT_LOC_STRINGS = NO;
				SWIFT_VERSION = 5.0;
				TARGETED_DEVICE_FAMILY = "1,2";
				TEST_TARGET_NAME = WineExplore;
			};
			name = Release;
		};
/* End XCBuildConfiguration section */

/* Begin XCConfigurationList section */
		C1D470E328D0630700A9D0A1 /* Build configuration list for PBXProject "WineExplore" */ = {
			isa = XCConfigurationList;
			buildConfigurations = (
				C1D4710A28D0630800A9D0A1 /* Debug */,
				C1D4710B28D0630800A9D0A1 /* Release */,
			);
			defaultConfigurationIsVisible = 0;
			defaultConfigurationName = Release;
		};
		C1D4710C28D0630800A9D0A1 /* Build configuration list for PBXNativeTarget "WineExplore" */ = {
			isa = XCConfigurationList;
			buildConfigurations = (
				C1D4710D28D0630800A9D0A1 /* Debug */,
				C1D4710E28D0630800A9D0A1 /* Release */,
			);
			defaultConfigurationIsVisible = 0;
			defaultConfigurationName = Release;
		};
		C1D4710F28D0630800A9D0A1 /* Build configuration list for PBXNativeTarget "WineExploreTests" */ = {
			isa = XCConfigurationList;
			buildConfigurations = (
				C1D4711028D0630800A9D0A1 /* Debug */,
				C1D4711128D0630800A9D0A1 /* Release */,
			);
			defaultConfigurationIsVisible = 0;
			defaultConfigurationName = Release;
		};
		C1D4711228D0630800A9D0A1 /* Build configuration list for PBXNativeTarget "WineExploreUITests" */ = {
			isa = XCConfigurationList;
			buildConfigurations = (
				C1D4711328D0630800A9D0A1 /* Debug */,
				C1D4711428D0630800A9D0A1 /* Release */,
			);
			defaultConfigurationIsVisible = 0;
			defaultConfigurationName = Release;
		};
/* End XCConfigurationList section */

/* Begin XCRemoteSwiftPackageReference section */
		C1D4712528D066B600A9D0A1 /* XCRemoteSwiftPackageReference "firebase-ios-sdk" */ = {
			isa = XCRemoteSwiftPackageReference;
			repositoryURL = "https://github.com/firebase/firebase-ios-sdk.git";
			requirement = {
				kind = upToNextMajorVersion;
				minimumVersion = 9.0.0;
			};
		};
/* End XCRemoteSwiftPackageReference section */

/* Begin XCSwiftPackageProductDependency section */
		C1D4712628D066B600A9D0A1 /* FirebaseAppCheck */ = {
			isa = XCSwiftPackageProductDependency;
			package = C1D4712528D066B600A9D0A1 /* XCRemoteSwiftPackageReference "firebase-ios-sdk" */;
			productName = FirebaseAppCheck;
		};
		C1D4712828D066B600A9D0A1 /* FirebaseAuth */ = {
			isa = XCSwiftPackageProductDependency;
			package = C1D4712528D066B600A9D0A1 /* XCRemoteSwiftPackageReference "firebase-ios-sdk" */;
			productName = FirebaseAuth;
		};
		C1D4712A28D066B600A9D0A1 /* FirebaseAuthCombine-Community */ = {
			isa = XCSwiftPackageProductDependency;
			package = C1D4712528D066B600A9D0A1 /* XCRemoteSwiftPackageReference "firebase-ios-sdk" */;
			productName = "FirebaseAuthCombine-Community";
		};
		C1D4712C28D066B600A9D0A1 /* FirebaseCrashlytics */ = {
			isa = XCSwiftPackageProductDependency;
			package = C1D4712528D066B600A9D0A1 /* XCRemoteSwiftPackageReference "firebase-ios-sdk" */;
			productName = FirebaseCrashlytics;
		};
		C1D4712E28D066B600A9D0A1 /* FirebaseFirestore */ = {
			isa = XCSwiftPackageProductDependency;
			package = C1D4712528D066B600A9D0A1 /* XCRemoteSwiftPackageReference "firebase-ios-sdk" */;
			productName = FirebaseFirestore;
		};
		C1D4713028D066B600A9D0A1 /* FirebaseFirestoreCombine-Community */ = {
			isa = XCSwiftPackageProductDependency;
			package = C1D4712528D066B600A9D0A1 /* XCRemoteSwiftPackageReference "firebase-ios-sdk" */;
			productName = "FirebaseFirestoreCombine-Community";
		};
		C1D4713228D066B600A9D0A1 /* FirebaseFirestoreSwift */ = {
			isa = XCSwiftPackageProductDependency;
			package = C1D4712528D066B600A9D0A1 /* XCRemoteSwiftPackageReference "firebase-ios-sdk" */;
			productName = FirebaseFirestoreSwift;
		};
		C1D4713428D066B600A9D0A1 /* FirebaseMessaging */ = {
			isa = XCSwiftPackageProductDependency;
			package = C1D4712528D066B600A9D0A1 /* XCRemoteSwiftPackageReference "firebase-ios-sdk" */;
			productName = FirebaseMessaging;
		};
		C1D4713628D066B600A9D0A1 /* FirebaseStorage */ = {
			isa = XCSwiftPackageProductDependency;
			package = C1D4712528D066B600A9D0A1 /* XCRemoteSwiftPackageReference "firebase-ios-sdk" */;
			productName = FirebaseStorage;
		};
		C1D4713828D066B600A9D0A1 /* FirebaseStorageCombine-Community */ = {
			isa = XCSwiftPackageProductDependency;
			package = C1D4712528D066B600A9D0A1 /* XCRemoteSwiftPackageReference "firebase-ios-sdk" */;
			productName = "FirebaseStorageCombine-Community";
		};
/* End XCSwiftPackageProductDependency section */
	};
	rootObject = C1D470E028D0630700A9D0A1 /* Project object */;
}
